<?xml version="1.0" encoding="utf-8"?>
<Project ToolsVersion="4.0" xmlns="http://schemas.microsoft.com/developer/msbuild/2003">
  <ItemGroup>
    <Filter Include="app">
      <UniqueIdentifier>{b467e535-ea43-46fe-af98-727f5ae097df}</UniqueIdentifier>
    </Filter>
    <Filter Include="scenes">
      <UniqueIdentifier>{eb0a6ca3-8a1f-44cd-a4c9-5c84e6ea5d75}</UniqueIdentifier>
    </Filter>
    <Filter Include="texures">
      <UniqueIdentifier>{dc8c514d-9117-4d7e-9261-edc980421837}</UniqueIdentifier>
    </Filter>
    <Filter Include="prefabs">
      <UniqueIdentifier>{06af661b-e60c-4b71-be13-42ab78410376}</UniqueIdentifier>
    </Filter>
    <Filter Include="scripts">
      <UniqueIdentifier>{8abd1086-4f7e-4275-9697-a2646390a106}</UniqueIdentifier>
    </Filter>
    <Filter Include="audio">
      <UniqueIdentifier>{d11a369c-7d56-49de-bff0-ee23c4387ba1}</UniqueIdentifier>
    </Filter>
    <Filter Include="audio\sfx">
      <UniqueIdentifier>{0fa2c2a0-8353-43a0-a406-bfa0aca9b011}</UniqueIdentifier>
    </Filter>
    <Filter Include="animations">
      <UniqueIdentifier>{6f2110f8-5cca-4925-a665-f5a8eb1bcb0e}</UniqueIdentifier>
    </Filter>
    <Filter Include="texures\backgrounds">
      <UniqueIdentifier>{de01f570-343d-4c95-9e73-7aaf3f9af7d8}</UniqueIdentifier>
    </Filter>
    <Filter Include="texures\miscellaneous">
      <UniqueIdentifier>{1099ca84-094d-4983-9bf2-4092ee4e15ec}</UniqueIdentifier>
    </Filter>
    <Filter Include="texures\bosses">
      <UniqueIdentifier>{75d5b006-831d-4b59-b1b0-f65956aa7bae}</UniqueIdentifier>
    </Filter>
    <Filter Include="texures\enemies">
      <UniqueIdentifier>{177ee673-e1ac-4433-8e09-68a7a48e0e4f}</UniqueIdentifier>
    </Filter>
    <Filter Include="texures\playable_characters">
      <UniqueIdentifier>{4408fdca-1d79-4e73-bbb5-0392844a5db1}</UniqueIdentifier>
    </Filter>
    <Filter Include="texures\nonplayable_characters">
      <UniqueIdentifier>{f32a4edd-1a41-4c31-97f5-de7010f0cec1}</UniqueIdentifier>
    </Filter>
    <Filter Include="animations\playable_characters">
      <UniqueIdentifier>{29c760ca-292d-4d44-bca3-77672270b5f0}</UniqueIdentifier>
    </Filter>
  </ItemGroup>
  <ItemGroup>
    <ClCompile Include="app\main.cpp">
      <Filter>app</Filter>
    </ClCompile>
    <ClCompile Include="app\MyApp.cpp">
      <Filter>app</Filter>
    </ClCompile>
    <ClCompile Include="app\MyResourceInitializer.cpp">
      <Filter>app</Filter>
    </ClCompile>
    <ClCompile Include="prefabs\AladdinPrefab.cpp">
      <Filter>prefabs</Filter>
    </ClCompile>
    <ClCompile Include="prefabs\BackgroundPrefab.cpp">
      <Filter>prefabs</Filter>
    </ClCompile>
    <ClCompile Include="prefabs\ForegroundPrefab.cpp">
      <Filter>prefabs</Filter>
    </ClCompile>
    <ClCompile Include="scripts\CameraController.cpp">
      <Filter>scripts</Filter>
    </ClCompile>
    <ClCompile Include="scenes\ExperimentalScene.cpp">
      <Filter>scenes</Filter>
    </ClCompile>
    <ClCompile Include="scripts\AladdinController.cpp">
      <Filter>scripts</Filter>
    </ClCompile>
    <ClCompile Include="prefabs\GroundPrefab.cpp">
      <Filter>prefabs</Filter>
    </ClCompile>
    <ClCompile Include="prefabs\ThrowableApplePrefab.cpp">
      <Filter>prefabs</Filter>
    </ClCompile>
    <ClCompile Include="scripts\ThrowableAppleController.cpp">
      <Filter>scripts</Filter>
    </ClCompile>
    <ClCompile Include="prefabs\NodePrefab.cpp">
      <Filter>prefabs</Filter>
    </ClCompile>
    <ClCompile Include="scripts\NodeController.cpp">
      <Filter>scripts</Filter>
    </ClCompile>
  </ItemGroup>
  <ItemGroup>
    <ClInclude Include="app\MyApp.h">
      <Filter>app</Filter>
    </ClInclude>
    <ClInclude Include="app\MyResourceInitializer.h">
      <Filter>app</Filter>
    </ClInclude>
    <ClInclude Include="prefabs\AladdinPrefab.h">
      <Filter>prefabs</Filter>
    </ClInclude>
    <ClInclude Include="prefabs\BackgroundPrefab.h">
      <Filter>prefabs</Filter>
    </ClInclude>
    <ClInclude Include="prefabs\ForegroundPrefab.h">
      <Filter>prefabs</Filter>
    </ClInclude>
    <ClInclude Include="scripts\CameraController.h">
      <Filter>scripts</Filter>
    </ClInclude>
    <ClInclude Include="scenes\ExperimentalScene.h">
      <Filter>scenes</Filter>
    </ClInclude>
    <ClInclude Include="scripts\AladdinController.h">
      <Filter>scripts</Filter>
    </ClInclude>
    <ClInclude Include="prefabs\GroundPrefab.h">
      <Filter>prefabs</Filter>
    </ClInclude>
    <ClInclude Include="prefabs\ThrowableApplePrefab.h">
      <Filter>prefabs</Filter>
    </ClInclude>
    <ClInclude Include="scripts\ThrowableAppleController.h">
      <Filter>scripts</Filter>
    </ClInclude>
    <ClInclude Include="prefabs\NodePrefab.h">
      <Filter>prefabs</Filter>
    </ClInclude>
    <ClInclude Include="scripts\NodeController.h">
      <Filter>scripts</Filter>
    </ClInclude>
  </ItemGroup>
  <ItemGroup>
    <Image Include="textures\playable_characters\aladdin.png">
      <Filter>texures\playable_characters</Filter>
    </Image>
    <Image Include="textures\backgrounds\scene_1_0.png">
      <Filter>texures\backgrounds</Filter>
    </Image>
    <Image Include="textures\backgrounds\scene_1_1.png">
      <Filter>texures\backgrounds</Filter>
    </Image>
  </ItemGroup>
  <ItemGroup>
    <Text Include="log.txt" />
    <Text Include="log.txt" />
  </ItemGroup>
  <ItemGroup>
    <Xml Include="animations\playable_characters\aladdin.anm">
      <Filter>animations\playable_characters</Filter>
    </Xml>
  </ItemGroup>
</Project>