<?xml version="1.0" encoding="utf-8"?>
<Project ToolsVersion="4.0" xmlns="http://schemas.microsoft.com/developer/msbuild/2003">
  <ItemGroup>
    <Filter Include="app">
      <UniqueIdentifier>{b467e535-ea43-46fe-af98-727f5ae097df}</UniqueIdentifier>
    </Filter>
    <Filter Include="scenes">
      <UniqueIdentifier>{eb0a6ca3-8a1f-44cd-a4c9-5c84e6ea5d75}</UniqueIdentifier>
    </Filter>
    <Filter Include="texures">
      <UniqueIdentifier>{dc8c514d-9117-4d7e-9261-edc980421837}</UniqueIdentifier>
    </Filter>
    <Filter Include="prefabs">
      <UniqueIdentifier>{06af661b-e60c-4b71-be13-42ab78410376}</UniqueIdentifier>
    </Filter>
    <Filter Include="scripts">
      <UniqueIdentifier>{8abd1086-4f7e-4275-9697-a2646390a106}</UniqueIdentifier>
    </Filter>
    <Filter Include="audio">
      <UniqueIdentifier>{d11a369c-7d56-49de-bff0-ee23c4387ba1}</UniqueIdentifier>
    </Filter>
    <Filter Include="audio\sfx">
      <UniqueIdentifier>{0fa2c2a0-8353-43a0-a406-bfa0aca9b011}</UniqueIdentifier>
    </Filter>
    <Filter Include="animations">
      <UniqueIdentifier>{6f2110f8-5cca-4925-a665-f5a8eb1bcb0e}</UniqueIdentifier>
    </Filter>
    <Filter Include="fonts">
      <UniqueIdentifier>{8fb5963f-e249-43a0-bcce-0ea5a9dd7743}</UniqueIdentifier>
    </Filter>
  </ItemGroup>
  <ItemGroup>
    <ClCompile Include="app\main.cpp">
      <Filter>app</Filter>
    </ClCompile>
    <ClCompile Include="app\MyApp.cpp">
      <Filter>app</Filter>
    </ClCompile>
    <ClCompile Include="app\MyResourceInitializer.cpp">
      <Filter>app</Filter>
    </ClCompile>
    <ClCompile Include="prefabs\TextExamplePrefab.cpp">
      <Filter>prefabs</Filter>
    </ClCompile>
    <ClCompile Include="prefabs\BasicExamplePrefab.cpp">
      <Filter>prefabs</Filter>
    </ClCompile>
    <ClCompile Include="prefabs\AnimationAndStateExamplePrefab.cpp">
      <Filter>prefabs</Filter>
    </ClCompile>
    <ClCompile Include="scripts\BasicController.cpp">
      <Filter>scripts</Filter>
    </ClCompile>
    <ClCompile Include="scenes\DemoScene.cpp">
      <Filter>scenes</Filter>
    </ClCompile>
  </ItemGroup>
  <ItemGroup>
    <ClInclude Include="app\MyApp.h">
      <Filter>app</Filter>
    </ClInclude>
    <ClInclude Include="app\MyResourceInitializer.h">
      <Filter>app</Filter>
    </ClInclude>
    <ClInclude Include="prefabs\TextExamplePrefab.h">
      <Filter>prefabs</Filter>
    </ClInclude>
    <ClInclude Include="prefabs\BasicExamplePrefab.h">
      <Filter>prefabs</Filter>
    </ClInclude>
    <ClInclude Include="prefabs\AnimationAndStateExamplePrefab.h">
      <Filter>prefabs</Filter>
    </ClInclude>
    <ClInclude Include="scripts\BasicController.h">
      <Filter>scripts</Filter>
    </ClInclude>
    <ClInclude Include="scenes\DemoScene.h">
      <Filter>scenes</Filter>
    </ClInclude>
  </ItemGroup>
  <ItemGroup>
    <Image Include="textures\ball.png">
      <Filter>texures</Filter>
    </Image>
    <Image Include="textures\aladdin.png">
      <Filter>texures</Filter>
    </Image>
  </ItemGroup>
  <ItemGroup>
    <Media Include="audio\sfx\wow.wav">
      <Filter>audio\sfx</Filter>
    </Media>
  </ItemGroup>
  <ItemGroup>
    <None Include="animations\aladdin.animation">
      <Filter>animations</Filter>
    </None>
  </ItemGroup>
  <ItemGroup>
    <Text Include="log.txt" />
  </ItemGroup>
  <ItemGroup>
    <Font Include="fonts\crackman.ttf">
      <Filter>fonts</Filter>
    </Font>
  </ItemGroup>
</Project>